
Microsoft Visual Studio Solution File, Format Version 12.00
# Visual Studio 15
VisualStudioVersion = 15.0.27130.2020
MinimumVisualStudioVersion = 10.0.40219.1
Project("{2150E333-8FDC-42A3-9474-1A3956D46DE8}") = "source", "source", "{DBFC8F01-37F5-4BED-8FFB-4C9D13CB19F1}"
EndProject
Project("{9A19103F-16F7-4668-BE54-9A1E7A4F7556}") = "IAR.Domain", "IAR.Domain\IAR.Domain.csproj", "{FC69FE33-5AC4-475D-BC3E-BA43ACCFF0FF}"
EndProject
Project("{9A19103F-16F7-4668-BE54-9A1E7A4F7556}") = "IAR.Business", "IAR.Usecases\IAR.Business.csproj", "{5238D441-C3BC-4AEF-8AF3-78678ECAFBF6}"
EndProject
Project("{9A19103F-16F7-4668-BE54-9A1E7A4F7556}") = "IAR.Infrastructure", "IAR.Infrastructure\IAR.Infrastructure.csproj", "{335D99D8-D707-45C5-9A58-AEBABD4E9EA6}"
EndProject
Project("{9A19103F-16F7-4668-BE54-9A1E7A4F7556}") = "IAR.WebApi", "IAR.WebApi\IAR.WebApi.csproj", "{4F44B453-6464-44A9-8961-90C3A76FA7C7}"
EndProject
Project("{2150E333-8FDC-42A3-9474-1A3956D46DE8}") = "tests", "tests", "{9C6D29DE-EC33-4C57-B438-00A2F1AFC168}"
EndProject
Project("{9A19103F-16F7-4668-BE54-9A1E7A4F7556}") = "IAR.Domain.Tests", "IAR.Domain.Tests\IAR.Domain.Tests.csproj", "{0A00C0D4-4FDB-4682-B52D-ECB773E4FE97}"
EndProject
Project("{9A19103F-16F7-4668-BE54-9A1E7A4F7556}") = "IAR.WebApi.Tests", "IAR.WebApi.Tests\IAR.WebApi.Tests.csproj", "{F7112048-4A2F-4832-9904-D8B1EEDCB329}"
EndProject
Project("{FAE04EC0-301F-11D3-BF4B-00C04F79EFBC}") = "IAR.Business.Tests", "IAR.Business.Tests\IAR.Business.Tests.csproj", "{276838F3-DEB4-45D6-A9F9-1DEDAF4D5540}"
EndProject
Global
	GlobalSection(SolutionConfigurationPlatforms) = preSolution
		Debug|Any CPU = Debug|Any CPU
		Release|Any CPU = Release|Any CPU
	EndGlobalSection
	GlobalSection(ProjectConfigurationPlatforms) = postSolution
		{FC69FE33-5AC4-475D-BC3E-BA43ACCFF0FF}.Debug|Any CPU.ActiveCfg = Debug|Any CPU
		{FC69FE33-5AC4-475D-BC3E-BA43ACCFF0FF}.Debug|Any CPU.Build.0 = Debug|Any CPU
		{FC69FE33-5AC4-475D-BC3E-BA43ACCFF0FF}.Release|Any CPU.ActiveCfg = Release|Any CPU
		{FC69FE33-5AC4-475D-BC3E-BA43ACCFF0FF}.Release|Any CPU.Build.0 = Release|Any CPU
		{5238D441-C3BC-4AEF-8AF3-78678ECAFBF6}.Debug|Any CPU.ActiveCfg = Debug|Any CPU
		{5238D441-C3BC-4AEF-8AF3-78678ECAFBF6}.Debug|Any CPU.Build.0 = Debug|Any CPU
		{5238D441-C3BC-4AEF-8AF3-78678ECAFBF6}.Release|Any CPU.ActiveCfg = Release|Any CPU
		{5238D441-C3BC-4AEF-8AF3-78678ECAFBF6}.Release|Any CPU.Build.0 = Release|Any CPU
		{335D99D8-D707-45C5-9A58-AEBABD4E9EA6}.Debug|Any CPU.ActiveCfg = Debug|Any CPU
		{335D99D8-D707-45C5-9A58-AEBABD4E9EA6}.Debug|Any CPU.Build.0 = Debug|Any CPU
		{335D99D8-D707-45C5-9A58-AEBABD4E9EA6}.Release|Any CPU.ActiveCfg = Release|Any CPU
		{335D99D8-D707-45C5-9A58-AEBABD4E9EA6}.Release|Any CPU.Build.0 = Release|Any CPU
		{4F44B453-6464-44A9-8961-90C3A76FA7C7}.Debug|Any CPU.ActiveCfg = Debug|Any CPU
		{4F44B453-6464-44A9-8961-90C3A76FA7C7}.Debug|Any CPU.Build.0 = Debug|Any CPU
		{4F44B453-6464-44A9-8961-90C3A76FA7C7}.Release|Any CPU.ActiveCfg = Release|Any CPU
		{4F44B453-6464-44A9-8961-90C3A76FA7C7}.Release|Any CPU.Build.0 = Release|Any CPU
		{0A00C0D4-4FDB-4682-B52D-ECB773E4FE97}.Debug|Any CPU.ActiveCfg = Debug|Any CPU
		{0A00C0D4-4FDB-4682-B52D-ECB773E4FE97}.Debug|Any CPU.Build.0 = Debug|Any CPU
		{0A00C0D4-4FDB-4682-B52D-ECB773E4FE97}.Release|Any CPU.ActiveCfg = Release|Any CPU
		{0A00C0D4-4FDB-4682-B52D-ECB773E4FE97}.Release|Any CPU.Build.0 = Release|Any CPU
		{F7112048-4A2F-4832-9904-D8B1EEDCB329}.Debug|Any CPU.ActiveCfg = Debug|Any CPU
		{F7112048-4A2F-4832-9904-D8B1EEDCB329}.Debug|Any CPU.Build.0 = Debug|Any CPU
		{F7112048-4A2F-4832-9904-D8B1EEDCB329}.Release|Any CPU.ActiveCfg = Release|Any CPU
		{F7112048-4A2F-4832-9904-D8B1EEDCB329}.Release|Any CPU.Build.0 = Release|Any CPU
		{276838F3-DEB4-45D6-A9F9-1DEDAF4D5540}.Debug|Any CPU.ActiveCfg = Debug|Any CPU
		{276838F3-DEB4-45D6-A9F9-1DEDAF4D5540}.Debug|Any CPU.Build.0 = Debug|Any CPU
		{276838F3-DEB4-45D6-A9F9-1DEDAF4D5540}.Release|Any CPU.ActiveCfg = Release|Any CPU
		{276838F3-DEB4-45D6-A9F9-1DEDAF4D5540}.Release|Any CPU.Build.0 = Release|Any CPU
	EndGlobalSection
	GlobalSection(SolutionProperties) = preSolution
		HideSolutionNode = FALSE
	EndGlobalSection
	GlobalSection(NestedProjects) = preSolution
		{FC69FE33-5AC4-475D-BC3E-BA43ACCFF0FF} = {DBFC8F01-37F5-4BED-8FFB-4C9D13CB19F1}
		{5238D441-C3BC-4AEF-8AF3-78678ECAFBF6} = {DBFC8F01-37F5-4BED-8FFB-4C9D13CB19F1}
		{335D99D8-D707-45C5-9A58-AEBABD4E9EA6} = {DBFC8F01-37F5-4BED-8FFB-4C9D13CB19F1}
		{4F44B453-6464-44A9-8961-90C3A76FA7C7} = {DBFC8F01-37F5-4BED-8FFB-4C9D13CB19F1}
		{0A00C0D4-4FDB-4682-B52D-ECB773E4FE97} = {9C6D29DE-EC33-4C57-B438-00A2F1AFC168}
		{F7112048-4A2F-4832-9904-D8B1EEDCB329} = {9C6D29DE-EC33-4C57-B438-00A2F1AFC168}
		{276838F3-DEB4-45D6-A9F9-1DEDAF4D5540} = {9C6D29DE-EC33-4C57-B438-00A2F1AFC168}
	EndGlobalSection
	GlobalSection(ExtensibilityGlobals) = postSolution
		SolutionGuid = {737CD562-153A-4496-AEDF-DFB839884C41}
	EndGlobalSection
EndGlobal
